
Microsoft Visual Studio Solution File, Format Version 12.00
# Visual Studio Version 17
VisualStudioVersion = 17.12.35514.174
MinimumVisualStudioVersion = 10.0.40219.1
Project("{FAE04EC0-301F-11D3-BF4B-00C04F79EFBC}") = "SICAPI", "SICAPI\SICAPI.csproj", "{C1B4F3F3-71EE-4770-A46E-F5EAF9F04154}"
EndProject
Project("{2150E333-8FDC-42A3-9474-1A3956D46DE8}") = "Core", "Core", "{8C58C520-E7E8-44AB-B744-317E1626FF5F}"
EndProject
Project("{2150E333-8FDC-42A3-9474-1A3956D46DE8}") = "Infraestructure", "Infraestructure", "{89E61511-FE16-4DE6-80B1-8EAD81E7362C}"
EndProject
Project("{2150E333-8FDC-42A3-9474-1A3956D46DE8}") = "Host", "Host", "{692835F1-5BAA-47E8-8ABC-FB5C3713D7A2}"
EndProject
Project("{FAE04EC0-301F-11D3-BF4B-00C04F79EFBC}") = "SICAPI.Data.SQL", "Infraestructure\SICAPI.Data.SQL\SICAPI.Data.SQL.csproj", "{9F845704-CF2B-49DD-946E-F8AA79F0ACFD}"
EndProject
Project("{FAE04EC0-301F-11D3-BF4B-00C04F79EFBC}") = "SICAPI.Infrastructure", "Core\SICAPI.Infrastructure\SICAPI.Infrastructure.csproj", "{FCA96D0F-24E7-4729-BC31-2848AB8E5734}"
EndProject
Project("{FAE04EC0-301F-11D3-BF4B-00C04F79EFBC}") = "SICAPI.Models", "Core\SICAPI.Models\SICAPI.Models.csproj", "{0BEBA12C-53ED-4371-BE0C-BA092BB27054}"
EndProject
Project("{FAE04EC0-301F-11D3-BF4B-00C04F79EFBC}") = "SICAPI.Shared", "Core\SICAPI.Shared\SICAPI.Shared.csproj", "{AC911BDD-015C-40D0-8120-E7722E7B5427}"
EndProject
Global
	GlobalSection(SolutionConfigurationPlatforms) = preSolution
		Debug|Any CPU = Debug|Any CPU
		Release|Any CPU = Release|Any CPU
	EndGlobalSection
	GlobalSection(ProjectConfigurationPlatforms) = postSolution
		{C1B4F3F3-71EE-4770-A46E-F5EAF9F04154}.Debug|Any CPU.ActiveCfg = Debug|Any CPU
		{C1B4F3F3-71EE-4770-A46E-F5EAF9F04154}.Debug|Any CPU.Build.0 = Debug|Any CPU
		{C1B4F3F3-71EE-4770-A46E-F5EAF9F04154}.Release|Any CPU.ActiveCfg = Release|Any CPU
		{C1B4F3F3-71EE-4770-A46E-F5EAF9F04154}.Release|Any CPU.Build.0 = Release|Any CPU
		{9F845704-CF2B-49DD-946E-F8AA79F0ACFD}.Debug|Any CPU.ActiveCfg = Debug|Any CPU
		{9F845704-CF2B-49DD-946E-F8AA79F0ACFD}.Debug|Any CPU.Build.0 = Debug|Any CPU
		{9F845704-CF2B-49DD-946E-F8AA79F0ACFD}.Release|Any CPU.ActiveCfg = Release|Any CPU
		{9F845704-CF2B-49DD-946E-F8AA79F0ACFD}.Release|Any CPU.Build.0 = Release|Any CPU
		{FCA96D0F-24E7-4729-BC31-2848AB8E5734}.Debug|Any CPU.ActiveCfg = Debug|Any CPU
		{FCA96D0F-24E7-4729-BC31-2848AB8E5734}.Debug|Any CPU.Build.0 = Debug|Any CPU
		{FCA96D0F-24E7-4729-BC31-2848AB8E5734}.Release|Any CPU.ActiveCfg = Release|Any CPU
		{FCA96D0F-24E7-4729-BC31-2848AB8E5734}.Release|Any CPU.Build.0 = Release|Any CPU
		{0BEBA12C-53ED-4371-BE0C-BA092BB27054}.Debug|Any CPU.ActiveCfg = Debug|Any CPU
		{0BEBA12C-53ED-4371-BE0C-BA092BB27054}.Debug|Any CPU.Build.0 = Debug|Any CPU
		{0BEBA12C-53ED-4371-BE0C-BA092BB27054}.Release|Any CPU.ActiveCfg = Release|Any CPU
		{0BEBA12C-53ED-4371-BE0C-BA092BB27054}.Release|Any CPU.Build.0 = Release|Any CPU
		{AC911BDD-015C-40D0-8120-E7722E7B5427}.Debug|Any CPU.ActiveCfg = Debug|Any CPU
		{AC911BDD-015C-40D0-8120-E7722E7B5427}.Debug|Any CPU.Build.0 = Debug|Any CPU
		{AC911BDD-015C-40D0-8120-E7722E7B5427}.Release|Any CPU.ActiveCfg = Release|Any CPU
		{AC911BDD-015C-40D0-8120-E7722E7B5427}.Release|Any CPU.Build.0 = Release|Any CPU
	EndGlobalSection
	GlobalSection(SolutionProperties) = preSolution
		HideSolutionNode = FALSE
	EndGlobalSection
	GlobalSection(NestedProjects) = preSolution
		{C1B4F3F3-71EE-4770-A46E-F5EAF9F04154} = {692835F1-5BAA-47E8-8ABC-FB5C3713D7A2}
		{9F845704-CF2B-49DD-946E-F8AA79F0ACFD} = {89E61511-FE16-4DE6-80B1-8EAD81E7362C}
		{FCA96D0F-24E7-4729-BC31-2848AB8E5734} = {8C58C520-E7E8-44AB-B744-317E1626FF5F}
		{0BEBA12C-53ED-4371-BE0C-BA092BB27054} = {8C58C520-E7E8-44AB-B744-317E1626FF5F}
		{AC911BDD-015C-40D0-8120-E7722E7B5427} = {8C58C520-E7E8-44AB-B744-317E1626FF5F}
	EndGlobalSection
EndGlobal
